
Microsoft Visual Studio Solution File, Format Version 12.00
# Visual Studio Version 16
VisualStudioVersion = 16.0.31702.278
MinimumVisualStudioVersion = 10.0.40219.1
Project("{FAE04EC0-301F-11D3-BF4B-00C04F79EFBC}") = "CardApplication", "CardApplication\CardApplication.csproj", "{BAA077D7-23D8-4161-BE87-5E47AB7830E7}"
EndProject
Global
	GlobalSection(SolutionConfigurationPlatforms) = preSolution
		Debug|Any CPU = Debug|Any CPU
		Release|Any CPU = Release|Any CPU
	EndGlobalSection
	GlobalSection(ProjectConfigurationPlatforms) = postSolution
		{BAA077D7-23D8-4161-BE87-5E47AB7830E7}.Debug|Any CPU.ActiveCfg = Debug|Any CPU
		{BAA077D7-23D8-4161-BE87-5E47AB7830E7}.Debug|Any CPU.Build.0 = Debug|Any CPU
		{BAA077D7-23D8-4161-BE87-5E47AB7830E7}.Release|Any CPU.ActiveCfg = Release|Any CPU
		{BAA077D7-23D8-4161-BE87-5E47AB7830E7}.Release|Any CPU.Build.0 = Release|Any CPU
	EndGlobalSection
	GlobalSection(SolutionProperties) = preSolution
		HideSolutionNode = FALSE
	EndGlobalSection
	GlobalSection(ExtensibilityGlobals) = postSolution
		SolutionGuid = {3138683F-B3E6-4838-AA23-60F040E53B3D}
	EndGlobalSection
EndGlobal
